PODS:
  - Alamofire (4.7.0)
  - Alamofire-SwiftyJSON (3.0.0):
    - Alamofire (~> 4.5)
    - SwiftyJSON (~> 4.0.0)
  - ChameleonFramework/Default (2.1.0)
  - ChameleonFramework/Swift (2.1.0):
    - ChameleonFramework/Default
  - Hero (1.1.0)
  - Kingfisher (4.6.3)
  - LovelyButton (0.1.4)
  - Nimble (7.0.3)
  - Quick (1.2.0)
  - SwiftyJSON (4.0.0)

DEPENDENCIES:
  - Alamofire (~> 4.7)
  - Alamofire-SwiftyJSON
  - ChameleonFramework/Swift (from `https://github.com/ViccAlexander/Chameleon.git`, branch `wip/swift4`)
  - Hero (~> 1.1)
  - Kingfisher (~> 4.0)
  - LovelyButton (from `https://github.com/vancancode/LovelyButton.git`)
  - Nimble
  - Quick
  - SwiftyJSON

EXTERNAL SOURCES:
  ChameleonFramework:
    :branch: wip/swift4
    :git: https://github.com/ViccAlexander/Chameleon.git
  LovelyButton:
    :git: https://github.com/vancancode/LovelyButton.git

CHECKOUT OPTIONS:
  ChameleonFramework:
    :commit: db432ca1b1a3d8f83ee1f881208c0c960a325e73
    :git: https://github.com/ViccAlexander/Chameleon.git
  LovelyButton:
    :commit: edbf1f288ea39fe063ee03f2a8a8370dad4c11d1
    :git: https://github.com/vancancode/LovelyButton.git

SPEC CHECKSUMS:
  Alamofire: 907e0a98eb68cdb7f9d1f541a563d6ac5dc77b25
  Alamofire-SwiftyJSON: 2b3649d57dc7bb2880fb8b86f8bb969397666916
  ChameleonFramework: d21a3cc247abfe5e37609a283a8238b03575cf64
  Hero: ce59e81c79390613d97b43da7179e2c5e1017e04
  Kingfisher: 98e6d5b5e807645743e8ed5ececd25d688d38452
  LovelyButton: 10c496d30c9d27ee8f060a1722cfd9df95d5da66
  Nimble: 7f5a9c447a33002645a071bddafbfb24ea70e0ac
  Quick: 58d203b1c5e27fff7229c4c1ae445ad7069a7a08
  SwiftyJSON: 070dabdcb1beb81b247c65ffa3a79dbbfb3b48aa

PODFILE CHECKSUM: 2973ac983662fe8cb58b8e5f5a6235e994503f53

COCOAPODS: 1.4.0
